
Microsoft Visual Studio Solution File, Format Version 12.00
# Visual Studio 15
VisualStudioVersion = 15.0.28307.168
MinimumVisualStudioVersion = 10.0.40219.1
Project("{9A19103F-16F7-4668-BE54-9A1E7A4F7556}") = "WebServiceUsingMSDependency", "WebService\WebServiceUsingMSDependency.csproj", "{01EF1746-391F-4D5F-AA77-920FC2E8803F}"
EndProject
Project("{9A19103F-16F7-4668-BE54-9A1E7A4F7556}") = "DependencyScanner.SimpleInjector", "DependencyScanner\DependencyScanner.SimpleInjector.csproj", "{4EDAB11A-BE44-4866-9F1E-8E14FA66D51C}"
EndProject
Project("{9A19103F-16F7-4668-BE54-9A1E7A4F7556}") = "DependencyMappingContracts", "DependencyMapping.Contracts\DependencyMappingContracts.csproj", "{AADC9146-5F55-4934-A94C-B82FA8A78379}"
EndProject
Project("{9A19103F-16F7-4668-BE54-9A1E7A4F7556}") = "SampleLibrary", "SampleLibrary\SampleLibrary.csproj", "{1CC0BE90-786B-4686-92A2-CDE749DC733B}"
EndProject
Project("{9A19103F-16F7-4668-BE54-9A1E7A4F7556}") = "DependencyScanner.MSDependencyInjector", "DependencyScanner.MSDependencyInjector\DependencyScanner.MSDependencyInjector.csproj", "{D5332D50-64C2-41E4-BD5C-228F1D18212A}"
EndProject
Global
	GlobalSection(SolutionConfigurationPlatforms) = preSolution
		Debug|Any CPU = Debug|Any CPU
		Release|Any CPU = Release|Any CPU
	EndGlobalSection
	GlobalSection(ProjectConfigurationPlatforms) = postSolution
		{01EF1746-391F-4D5F-AA77-920FC2E8803F}.Debug|Any CPU.ActiveCfg = Debug|Any CPU
		{01EF1746-391F-4D5F-AA77-920FC2E8803F}.Debug|Any CPU.Build.0 = Debug|Any CPU
		{01EF1746-391F-4D5F-AA77-920FC2E8803F}.Release|Any CPU.ActiveCfg = Release|Any CPU
		{01EF1746-391F-4D5F-AA77-920FC2E8803F}.Release|Any CPU.Build.0 = Release|Any CPU
		{4EDAB11A-BE44-4866-9F1E-8E14FA66D51C}.Debug|Any CPU.ActiveCfg = Debug|Any CPU
		{4EDAB11A-BE44-4866-9F1E-8E14FA66D51C}.Debug|Any CPU.Build.0 = Debug|Any CPU
		{4EDAB11A-BE44-4866-9F1E-8E14FA66D51C}.Release|Any CPU.ActiveCfg = Release|Any CPU
		{4EDAB11A-BE44-4866-9F1E-8E14FA66D51C}.Release|Any CPU.Build.0 = Release|Any CPU
		{AADC9146-5F55-4934-A94C-B82FA8A78379}.Debug|Any CPU.ActiveCfg = Debug|Any CPU
		{AADC9146-5F55-4934-A94C-B82FA8A78379}.Debug|Any CPU.Build.0 = Debug|Any CPU
		{AADC9146-5F55-4934-A94C-B82FA8A78379}.Release|Any CPU.ActiveCfg = Release|Any CPU
		{AADC9146-5F55-4934-A94C-B82FA8A78379}.Release|Any CPU.Build.0 = Release|Any CPU
		{1CC0BE90-786B-4686-92A2-CDE749DC733B}.Debug|Any CPU.ActiveCfg = Debug|Any CPU
		{1CC0BE90-786B-4686-92A2-CDE749DC733B}.Debug|Any CPU.Build.0 = Debug|Any CPU
		{1CC0BE90-786B-4686-92A2-CDE749DC733B}.Release|Any CPU.ActiveCfg = Release|Any CPU
		{1CC0BE90-786B-4686-92A2-CDE749DC733B}.Release|Any CPU.Build.0 = Release|Any CPU
		{D5332D50-64C2-41E4-BD5C-228F1D18212A}.Debug|Any CPU.ActiveCfg = Debug|Any CPU
		{D5332D50-64C2-41E4-BD5C-228F1D18212A}.Debug|Any CPU.Build.0 = Debug|Any CPU
		{D5332D50-64C2-41E4-BD5C-228F1D18212A}.Release|Any CPU.ActiveCfg = Release|Any CPU
		{D5332D50-64C2-41E4-BD5C-228F1D18212A}.Release|Any CPU.Build.0 = Release|Any CPU
	EndGlobalSection
	GlobalSection(SolutionProperties) = preSolution
		HideSolutionNode = FALSE
	EndGlobalSection
	GlobalSection(ExtensibilityGlobals) = postSolution
		SolutionGuid = {D2BFB888-643C-4FFE-A6EF-49478F5DD783}
	EndGlobalSection
EndGlobal
